// !$*UTF8*$!
{
	archiveVersion = 1;
	classes = {
	};
	objectVersion = 56;
	objects = {

/* Begin PBXBuildFile section */
		4A88C6A329E6DC24002787F1 /* AppDelegate.swift in Sources */ = {isa = PBXBuildFile; fileRef = 4A88C6A229E6DC24002787F1 /* AppDelegate.swift */; };
		4A88C6A529E6DC24002787F1 /* SceneDelegate.swift in Sources */ = {isa = PBXBuildFile; fileRef = 4A88C6A429E6DC24002787F1 /* SceneDelegate.swift */; };
		4A88C6A729E6DC24002787F1 /* ViewController.swift in Sources */ = {isa = PBXBuildFile; fileRef = 4A88C6A629E6DC24002787F1 /* ViewController.swift */; };
		4A88C6AA29E6DC24002787F1 /* Main.storyboard in Resources */ = {isa = PBXBuildFile; fileRef = 4A88C6A829E6DC24002787F1 /* Main.storyboard */; };
		4A88C6AC29E6DC25002787F1 /* Assets.xcassets in Resources */ = {isa = PBXBuildFile; fileRef = 4A88C6AB29E6DC25002787F1 /* Assets.xcassets */; };
		4A88C6AF29E6DC25002787F1 /* LaunchScreen.storyboard in Resources */ = {isa = PBXBuildFile; fileRef = 4A88C6AD29E6DC25002787F1 /* LaunchScreen.storyboard */; };
		4A88C6B729E6DCA7002787F1 /* MyVC.swift in Sources */ = {isa = PBXBuildFile; fileRef = 4A88C6B629E6DCA7002787F1 /* MyVC.swift */; };
		68B92385CA2EBC6ED00FB080 /* Pods_ExPanModal.framework in Frameworks */ = {isa = PBXBuildFile; fileRef = 349A68D02CA5E0F3141D3DB6 /* Pods_ExPanModal.framework */; };
/* End PBXBuildFile section */

/* Begin PBXFileReference section */
		1EDF173BEE7CAC9FD5CE8C55 /* Pods-ExPanModal.release.xcconfig */ = {isa = PBXFileReference; includeInIndex = 1; lastKnownFileType = text.xcconfig; name = "Pods-ExPanModal.release.xcconfig"; path = "Target Support Files/Pods-ExPanModal/Pods-ExPanModal.release.xcconfig"; sourceTree = "<group>"; };
		349A68D02CA5E0F3141D3DB6 /* Pods_ExPanModal.framework */ = {isa = PBXFileReference; explicitFileType = wrapper.framework; includeInIndex = 0; path = Pods_ExPanModal.framework; sourceTree = BUILT_PRODUCTS_DIR; };
		4A88C69F29E6DC24002787F1 /* ExPanModal.app */ = {isa = PBXFileReference; explicitFileType = wrapper.application; includeInIndex = 0; path = ExPanModal.app; sourceTree = BUILT_PRODUCTS_DIR; };
		4A88C6A229E6DC24002787F1 /* AppDelegate.swift */ = {isa = PBXFileReference; lastKnownFileType = sourcecode.swift; path = AppDelegate.swift; sourceTree = "<group>"; };
		4A88C6A429E6DC24002787F1 /* SceneDelegate.swift */ = {isa = PBXFileReference; lastKnownFileType = sourcecode.swift; path = SceneDelegate.swift; sourceTree = "<group>"; };
		4A88C6A629E6DC24002787F1 /* ViewController.swift */ = {isa = PBXFileReference; lastKnownFileType = sourcecode.swift; path = ViewController.swift; sourceTree = "<group>"; };
		4A88C6A929E6DC24002787F1 /* Base */ = {isa = PBXFileReference; lastKnownFileType = file.storyboard; name = Base; path = Base.lproj/Main.storyboard; sourceTree = "<group>"; };
		4A88C6AB29E6DC25002787F1 /* Assets.xcassets */ = {isa = PBXFileReference; lastKnownFileType = folder.assetcatalog; path = Assets.xcassets; sourceTree = "<group>"; };
		4A88C6AE29E6DC25002787F1 /* Base */ = {isa = PBXFileReference; lastKnownFileType = file.storyboard; name = Base; path = Base.lproj/LaunchScreen.storyboard; sourceTree = "<group>"; };
		4A88C6B029E6DC25002787F1 /* Info.plist */ = {isa = PBXFileReference; lastKnownFileType = text.plist.xml; path = Info.plist; sourceTree = "<group>"; };
		4A88C6B629E6DCA7002787F1 /* MyVC.swift */ = {isa = PBXFileReference; lastKnownFileType = sourcecode.swift; path = MyVC.swift; sourceTree = "<group>"; };
		BC3C762FECDD3874CE6FD12C /* Pods-ExPanModal.debug.xcconfig */ = {isa = PBXFileReference; includeInIndex = 1; lastKnownFileType = text.xcconfig; name = "Pods-ExPanModal.debug.xcconfig"; path = "Target Support Files/Pods-ExPanModal/Pods-ExPanModal.debug.xcconfig"; sourceTree = "<group>"; };
/* End PBXFileReference section */

/* Begin PBXFrameworksBuildPhase section */
		4A88C69C29E6DC24002787F1 /* Frameworks */ = {
			isa = PBXFrameworksBuildPhase;
			buildActionMask = 2147483647;
			files = (
				68B92385CA2EBC6ED00FB080 /* Pods_ExPanModal.framework in Frameworks */,
			);
			runOnlyForDeploymentPostprocessing = 0;
		};
/* End PBXFrameworksBuildPhase section */

/* Begin PBXGroup section */
		4A88C69629E6DC24002787F1 = {
			isa = PBXGroup;
			children = (
				4A88C6A129E6DC24002787F1 /* ExPanModal */,
				4A88C6A029E6DC24002787F1 /* Products */,
				C1A970213C4325C8F281C2E3 /* Pods */,
				F289DC9C33829B1E118CFCB2 /* Frameworks */,
			);
			sourceTree = "<group>";
		};
		4A88C6A029E6DC24002787F1 /* Products */ = {
			isa = PBXGroup;
			children = (
				4A88C69F29E6DC24002787F1 /* ExPanModal.app */,
			);
			name = Products;
			sourceTree = "<group>";
		};
		4A88C6A129E6DC24002787F1 /* ExPanModal */ = {
			isa = PBXGroup;
			children = (
				4A88C6A229E6DC24002787F1 /* AppDelegate.swift */,
				4A88C6A429E6DC24002787F1 /* SceneDelegate.swift */,
				4A88C6A629E6DC24002787F1 /* ViewController.swift */,
				4A88C6B629E6DCA7002787F1 /* MyVC.swift */,
				4A88C6A829E6DC24002787F1 /* Main.storyboard */,
				4A88C6AB29E6DC25002787F1 /* Assets.xcassets */,
				4A88C6AD29E6DC25002787F1 /* LaunchScreen.storyboard */,
				4A88C6B029E6DC25002787F1 /* Info.plist */,
			);
			path = ExPanModal;
			sourceTree = "<group>";
		};
		C1A970213C4325C8F281C2E3 /* Pods */ = {
			isa = PBXGroup;
			children = (
				BC3C762FECDD3874CE6FD12C /* Pods-ExPanModal.debug.xcconfig */,
				1EDF173BEE7CAC9FD5CE8C55 /* Pods-ExPanModal.release.xcconfig */,
			);
			path = Pods;
			sourceTree = "<group>";
		};
		F289DC9C33829B1E118CFCB2 /* Frameworks */ = {
			isa = PBXGroup;
			children = (
				349A68D02CA5E0F3141D3DB6 /* Pods_ExPanModal.framework */,
			);
			name = Frameworks;
			sourceTree = "<group>";
		};
/* End PBXGroup section */

/* Begin PBXNativeTarget section */
		4A88C69E29E6DC24002787F1 /* ExPanModal */ = {
			isa = PBXNativeTarget;
			buildConfigurationList = 4A88C6B329E6DC25002787F1 /* Build configuration list for PBXNativeTarget "ExPanModal" */;
			buildPhases = (
				8E27829237CFAE2B1866DF74 /* [CP] Check Pods Manifest.lock */,
				4A88C69B29E6DC24002787F1 /* Sources */,
				4A88C69C29E6DC24002787F1 /* Frameworks */,
				4A88C69D29E6DC24002787F1 /* Resources */,
				D1500F744813B61383F450B1 /* [CP] Embed Pods Frameworks */,
			);
			buildRules = (
			);
			dependencies = (
			);
			name = ExPanModal;
			productName = ExPanModal;
			productReference = 4A88C69F29E6DC24002787F1 /* ExPanModal.app */;
			productType = "com.apple.product-type.application";
		};
/* End PBXNativeTarget section */

/* Begin PBXProject section */
		4A88C69729E6DC24002787F1 /* Project object */ = {
			isa = PBXProject;
			attributes = {
				BuildIndependentTargetsInParallel = 1;
				LastSwiftUpdateCheck = 1430;
				LastUpgradeCheck = 1430;
				TargetAttributes = {
					4A88C69E29E6DC24002787F1 = {
						CreatedOnToolsVersion = 14.3;
					};
				};
			};
			buildConfigurationList = 4A88C69A29E6DC24002787F1 /* Build configuration list for PBXProject "ExPanModal" */;
			compatibilityVersion = "Xcode 14.0";
			developmentRegion = en;
			hasScannedForEncodings = 0;
			knownRegions = (
				en,
				Base,
			);
			mainGroup = 4A88C69629E6DC24002787F1;
			productRefGroup = 4A88C6A029E6DC24002787F1 /* Products */;
			projectDirPath = "";
			projectRoot = "";
			targets = (
				4A88C69E29E6DC24002787F1 /* ExPanModal */,
			);
		};
/* End PBXProject section */

/* Begin PBXResourcesBuildPhase section */
		4A88C69D29E6DC24002787F1 /* Resources */ = {
			isa = PBXResourcesBuildPhase;
			buildActionMask = 2147483647;
			files = (
				4A88C6AF29E6DC25002787F1 /* LaunchScreen.storyboard in Resources */,
				4A88C6AC29E6DC25002787F1 /* Assets.xcassets in Resources */,
				4A88C6AA29E6DC24002787F1 /* Main.storyboard in Resources */,
			);
			runOnlyForDeploymentPostprocessing = 0;
		};
/* End PBXResourcesBuildPhase section */

/* Begin PBXShellScriptBuildPhase section */
		8E27829237CFAE2B1866DF74 /* [CP] Check Pods Manifest.lock */ = {
			isa = PBXShellScriptBuildPhase;
			buildActionMask = 2147483647;
			files = (
			);
			inputFileListPaths = (
			);
			inputPaths = (
				"${PODS_PODFILE_DIR_PATH}/Podfile.lock",
				"${PODS_ROOT}/Manifest.lock",
			);
			name = "[CP] Check Pods Manifest.lock";
			outputFileListPaths = (
			);
			outputPaths = (
				"$(DERIVED_FILE_DIR)/Pods-ExPanModal-checkManifestLockResult.txt",
			);
			runOnlyForDeploymentPostprocessing = 0;
			shellPath = /bin/sh;
			shellScript = "diff \"${PODS_PODFILE_DIR_PATH}/Podfile.lock\" \"${PODS_ROOT}/Manifest.lock\" > /dev/null\nif [ $? != 0 ] ; then\n    # print error to STDERR\n    echo \"error: The sandbox is not in sync with the Podfile.lock. Run 'pod install' or update your CocoaPods installation.\" >&2\n    exit 1\nfi\n# This output is used by Xcode 'outputs' to avoid re-running this script phase.\necho \"SUCCESS\" > \"${SCRIPT_OUTPUT_FILE_0}\"\n";
			showEnvVarsInLog = 0;
		};
		D1500F744813B61383F450B1 /* [CP] Embed Pods Frameworks */ = {
			isa = PBXShellScriptBuildPhase;
			buildActionMask = 2147483647;
			files = (
			);
			inputFileListPaths = (
				"${PODS_ROOT}/Target Support Files/Pods-ExPanModal/Pods-ExPanModal-frameworks-${CONFIGURATION}-input-files.xcfilelist",
			);
			name = "[CP] Embed Pods Frameworks";
			outputFileListPaths = (
				"${PODS_ROOT}/Target Support Files/Pods-ExPanModal/Pods-ExPanModal-frameworks-${CONFIGURATION}-output-files.xcfilelist",
			);
			runOnlyForDeploymentPostprocessing = 0;
			shellPath = /bin/sh;
			shellScript = "\"${PODS_ROOT}/Target Support Files/Pods-ExPanModal/Pods-ExPanModal-frameworks.sh\"\n";
			showEnvVarsInLog = 0;
		};
/* End PBXShellScriptBuildPhase section */

/* Begin PBXSourcesBuildPhase section */
		4A88C69B29E6DC24002787F1 /* Sources */ = {
			isa = PBXSourcesBuildPhase;
			buildActionMask = 2147483647;
			files = (
				4A88C6B729E6DCA7002787F1 /* MyVC.swift in Sources */,
				4A88C6A729E6DC24002787F1 /* ViewController.swift in Sources */,
				4A88C6A329E6DC24002787F1 /* AppDelegate.swift in Sources */,
				4A88C6A529E6DC24002787F1 /* SceneDelegate.swift in Sources */,
			);
			runOnlyForDeploymentPostprocessing = 0;
		};
/* End PBXSourcesBuildPhase section */

/* Begin PBXVariantGroup section */
		4A88C6A829E6DC24002787F1 /* Main.storyboard */ = {
			isa = PBXVariantGroup;
			children = (
				4A88C6A929E6DC24002787F1 /* Base */,
			);
			name = Main.storyboard;
			sourceTree = "<group>";
		};
		4A88C6AD29E6DC25002787F1 /* LaunchScreen.storyboard */ = {
			isa = PBXVariantGroup;
			children = (
				4A88C6AE29E6DC25002787F1 /* Base */,
			);
			name = LaunchScreen.storyboard;
			sourceTree = "<group>";
		};
/* End PBXVariantGroup section */

/* Begin XCBuildConfiguration section */
		4A88C6B129E6DC25002787F1 /* Debug */ = {
			isa = XCBuildConfiguration;
			buildSettings = {
				ALWAYS_SEARCH_USER_PATHS = NO;
				CLANG_ANALYZER_NONNULL = YES;
				CLANG_ANALYZER_NUMBER_OBJECT_CONVERSION = YES_AGGRESSIVE;
				CLANG_CXX_LANGUAGE_STANDARD = "gnu++20";
				CLANG_ENABLE_MODULES = YES;
				CLANG_ENABLE_OBJC_ARC = YES;
				CLANG_ENABLE_OBJC_WEAK = YES;
				CLANG_WARN_BLOCK_CAPTURE_AUTORELEASING = YES;
				CLANG_WARN_BOOL_CONVERSION = YES;
				CLANG_WARN_COMMA = YES;
				CLANG_WARN_CONSTANT_CONVERSION = YES;
				CLANG_WARN_DEPRECATED_OBJC_IMPLEMENTATIONS = YES;
				CLANG_WARN_DIRECT_OBJC_ISA_USAGE = YES_ERROR;
				CLANG_WARN_DOCUMENTATION_COMMENTS = YES;
				CLANG_WARN_EMPTY_BODY = YES;
				CLANG_WARN_ENUM_CONVERSION = YES;
				CLANG_WARN_INFINITE_RECURSION = YES;
				CLANG_WARN_INT_CONVERSION = YES;
				CLANG_WARN_NON_LITERAL_NULL_CONVERSION = YES;
				CLANG_WARN_OBJC_IMPLICIT_RETAIN_SELF = YES;
				CLANG_WARN_OBJC_LITERAL_CONVERSION = YES;
				CLANG_WARN_OBJC_ROOT_CLASS = YES_ERROR;
				CLANG_WARN_QUOTED_INCLUDE_IN_FRAMEWORK_HEADER = YES;
				CLANG_WARN_RANGE_LOOP_ANALYSIS = YES;
				CLANG_WARN_STRICT_PROTOTYPES = YES;
				CLANG_WARN_SUSPICIOUS_MOVE = YES;
				CLANG_WARN_UNGUARDED_AVAILABILITY = YES_AGGRESSIVE;
				CLANG_WARN_UNREACHABLE_CODE = YES;
				CLANG_WARN__DUPLICATE_METHOD_MATCH = YES;
				COPY_PHASE_STRIP = NO;
				DEBUG_INFORMATION_FORMAT = dwarf;
				ENABLE_STRICT_OBJC_MSGSEND = YES;
				ENABLE_TESTABILITY = YES;
				GCC_C_LANGUAGE_STANDARD = gnu11;
				GCC_DYNAMIC_NO_PIC = NO;
				GCC_NO_COMMON_BLOCKS = YES;
				GCC_OPTIMIZATION_LEVEL = 0;
				GCC_PREPROCESSOR_DEFINITIONS = (
					"DEBUG=1",
					"$(inherited)",
				);
				GCC_WARN_64_TO_32_BIT_CONVERSION = YES;
				GCC_WARN_ABOUT_RETURN_TYPE = YES_ERROR;
				GCC_WARN_UNDECLARED_SELECTOR = YES;
				GCC_WARN_UNINITIALIZED_AUTOS = YES_AGGRESSIVE;
				GCC_WARN_UNUSED_FUNCTION = YES;
				GCC_WARN_UNUSED_VARIABLE = YES;
				IPHONEOS_DEPLOYMENT_TARGET = 16.4;
				MTL_ENABLE_DEBUG_INFO = INCLUDE_SOURCE;
				MTL_FAST_MATH = YES;
				ONLY_ACTIVE_ARCH = YES;
				SDKROOT = iphoneos;
				SWIFT_ACTIVE_COMPILATION_CONDITIONS = DEBUG;
				SWIFT_OPTIMIZATION_LEVEL = "-Onone";
			};
			name = Debug;
		};
		4A88C6B229E6DC25002787F1 /* Release */ = {
			isa = XCBuildConfiguration;
			buildSettings = {
				ALWAYS_SEARCH_USER_PATHS = NO;
				CLANG_ANALYZER_NONNULL = YES;
				CLANG_ANALYZER_NUMBER_OBJECT_CONVERSION = YES_AGGRESSIVE;
				CLANG_CXX_LANGUAGE_STANDARD = "gnu++20";
				CLANG_ENABLE_MODULES = YES;
				CLANG_ENABLE_OBJC_ARC = YES;
				CLANG_ENABLE_OBJC_WEAK = YES;
				CLANG_WARN_BLOCK_CAPTURE_AUTORELEASING = YES;
				CLANG_WARN_BOOL_CONVERSION = YES;
				CLANG_WARN_COMMA = YES;
				CLANG_WARN_CONSTANT_CONVERSION = YES;
				CLANG_WARN_DEPRECATED_OBJC_IMPLEMENTATIONS = YES;
				CLANG_WARN_DIRECT_OBJC_ISA_USAGE = YES_ERROR;
				CLANG_WARN_DOCUMENTATION_COMMENTS = YES;
				CLANG_WARN_EMPTY_BODY = YES;
				CLANG_WARN_ENUM_CONVERSION = YES;
				CLANG_WARN_INFINITE_RECURSION = YES;
				CLANG_WARN_INT_CONVERSION = YES;
				CLANG_WARN_NON_LITERAL_NULL_CONVERSION = YES;
				CLANG_WARN_OBJC_IMPLICIT_RETAIN_SELF = YES;
				CLANG_WARN_OBJC_LITERAL_CONVERSION = YES;
				CLANG_WARN_OBJC_ROOT_CLASS = YES_ERROR;
				CLANG_WARN_QUOTED_INCLUDE_IN_FRAMEWORK_HEADER = YES;
				CLANG_WARN_RANGE_LOOP_ANALYSIS = YES;
				CLANG_WARN_STRICT_PROTOTYPES = YES;
				CLANG_WARN_SUSPICIOUS_MOVE = YES;
				CLANG_WARN_UNGUARDED_AVAILABILITY = YES_AGGRESSIVE;
				CLANG_WARN_UNREACHABLE_CODE = YES;
				CLANG_WARN__DUPLICATE_METHOD_MATCH = YES;
				COPY_PHASE_STRIP = NO;
				DEBUG_INFORMATION_FORMAT = "dwarf-with-dsym";
				ENABLE_NS_ASSERTIONS = NO;
				ENABLE_STRICT_OBJC_MSGSEND = YES;
				GCC_C_LANGUAGE_STANDARD = gnu11;
				GCC_NO_COMMON_BLOCKS = YES;
				GCC_WARN_64_TO_32_BIT_CONVERSION = YES;
				GCC_WARN_ABOUT_RETURN_TYPE = YES_ERROR;
				GCC_WARN_UNDECLARED_SELECTOR = YES;
				GCC_WARN_UNINITIALIZED_AUTOS = YES_AGGRESSIVE;
				GCC_WARN_UNUSED_FUNCTION = YES;
				GCC_WARN_UNUSED_VARIABLE = YES;
				IPHONEOS_DEPLOYMENT_TARGET = 16.4;
				MTL_ENABLE_DEBUG_INFO = NO;
				MTL_FAST_MATH = YES;
				SDKROOT = iphoneos;
				SWIFT_COMPILATION_MODE = wholemodule;
				SWIFT_OPTIMIZATION_LEVEL = "-O";
				VALIDATE_PRODUCT = YES;
			};
			name = Release;
		};
		4A88C6B429E6DC25002787F1 /* Debug */ = {
			isa = XCBuildConfiguration;
			baseConfigurationReference = BC3C762FECDD3874CE6FD12C /* Pods-ExPanModal.debug.xcconfig */;
			buildSettings = {
				ASSETCATALOG_COMPILER_APPICON_NAME = AppIcon;
				ASSETCATALOG_COMPILER_GLOBAL_ACCENT_COLOR_NAME = AccentColor;
				CODE_SIGN_STYLE = Automatic;
				CURRENT_PROJECT_VERSION = 1;
				DEVELOPMENT_TEAM = SS7U83UJNK;
				GENERATE_INFOPLIST_FILE = YES;
				INFOPLIST_FILE = ExPanModal/Info.plist;
				INFOPLIST_KEY_UIApplicationSupportsIndirectInputEvents = YES;
				INFOPLIST_KEY_UILaunchStoryboardName = LaunchScreen;
				INFOPLIST_KEY_UIMainStoryboardFile = Main;
				INFOPLIST_KEY_UISupportedInterfaceOrientations_iPad = "UIInterfaceOrientationPortrait UIInterfaceOrientationPortraitUpsideDown UIInterfaceOrientationLandscapeLeft UIInterfaceOrientationLandscapeRight";
				INFOPLIST_KEY_UISupportedInterfaceOrientations_iPhone = "UIInterfaceOrientationPortrait UIInterfaceOrientationLandscapeLeft UIInterfaceOrientationLandscapeRight";
				LD_RUNPATH_SEARCH_PATHS = (
					"$(inherited)",
					"@executable_path/Frameworks",
				);
				MARKETING_VERSION = 1.0;
				PRODUCT_BUNDLE_IDENTIFIER = com.jake.ExPanModal;
				PRODUCT_NAME = "$(TARGET_NAME)";
				SWIFT_EMIT_LOC_STRINGS = YES;
				SWIFT_VERSION = 5.0;
				TARGETED_DEVICE_FAMILY = "1,2";
			};
			name = Debug;
		};
		4A88C6B529E6DC25002787F1 /* Release */ = {
			isa = XCBuildConfiguration;
			baseConfigurationReference = 1EDF173BEE7CAC9FD5CE8C55 /* Pods-ExPanModal.release.xcconfig */;
			buildSettings = {
				ASSETCATALOG_COMPILER_APPICON_NAME = AppIcon;
				ASSETCATALOG_COMPILER_GLOBAL_ACCENT_COLOR_NAME = AccentColor;
				CODE_SIGN_STYLE = Automatic;
				CURRENT_PROJECT_VERSION = 1;
				DEVELOPMENT_TEAM = SS7U83UJNK;
				GENERATE_INFOPLIST_FILE = YES;
				INFOPLIST_FILE = ExPanModal/Info.plist;
				INFOPLIST_KEY_UIApplicationSupportsIndirectInputEvents = YES;
				INFOPLIST_KEY_UILaunchStoryboardName = LaunchScreen;
				INFOPLIST_KEY_UIMainStoryboardFile = Main;
				INFOPLIST_KEY_UISupportedInterfaceOrientations_iPad = "UIInterfaceOrientationPortrait UIInterfaceOrientationPortraitUpsideDown UIInterfaceOrientationLandscapeLeft UIInterfaceOrientationLandscapeRight";
				INFOPLIST_KEY_UISupportedInterfaceOrientations_iPhone = "UIInterfaceOrientationPortrait UIInterfaceOrientationLandscapeLeft UIInterfaceOrientationLandscapeRight";
				LD_RUNPATH_SEARCH_PATHS = (
					"$(inherited)",
					"@executable_path/Frameworks",
				);
				MARKETING_VERSION = 1.0;
				PRODUCT_BUNDLE_IDENTIFIER = com.jake.ExPanModal;
				PRODUCT_NAME = "$(TARGET_NAME)";
				SWIFT_EMIT_LOC_STRINGS = YES;
				SWIFT_VERSION = 5.0;
				TARGETED_DEVICE_FAMILY = "1,2";
			};
			name = Release;
		};
/* End XCBuildConfiguration section */

/* Begin XCConfigurationList section */
		4A88C69A29E6DC24002787F1 /* Build configuration list for PBXProject "ExPanModal" */ = {
			isa = XCConfigurationList;
			buildConfigurations = (
				4A88C6B129E6DC25002787F1 /* Debug */,
				4A88C6B229E6DC25002787F1 /* Release */,
			);
			defaultConfigurationIsVisible = 0;
			defaultConfigurationName = Release;
		};
		4A88C6B329E6DC25002787F1 /* Build configuration list for PBXNativeTarget "ExPanModal" */ = {
			isa = XCConfigurationList;
			buildConfigurations = (
				4A88C6B429E6DC25002787F1 /* Debug */,
				4A88C6B529E6DC25002787F1 /* Release */,
			);
			defaultConfigurationIsVisible = 0;
			defaultConfigurationName = Release;
		};
/* End XCConfigurationList section */
	};
	rootObject = 4A88C69729E6DC24002787F1 /* Project object */;
}
